
Microsoft Visual Studio Solution File, Format Version 12.00
# Visual Studio Version 17
VisualStudioVersion = 17.5.33424.131
MinimumVisualStudioVersion = 10.0.40219.1
Project("{FAE04EC0-301F-11D3-BF4B-00C04F79EFBC}") = "WinPruebas", "WinPruebas.csproj", "{DCA8C740-59D1-4D66-867C-60170EBECB34}"
EndProject
Project("{FAE04EC0-301F-11D3-BF4B-00C04F79EFBC}") = "DXApplication1", "DXApplication1\DXApplication1.csproj", "{0930A008-7920-42F0-92E4-89EC6CD93E92}"
EndProject
Global
	GlobalSection(SolutionConfigurationPlatforms) = preSolution
		Debug|Any CPU = Debug|Any CPU
		EasyTest|Any CPU = EasyTest|Any CPU
		Release|Any CPU = Release|Any CPU
	EndGlobalSection
	GlobalSection(ProjectConfigurationPlatforms) = postSolution
		{DCA8C740-59D1-4D66-867C-60170EBECB34}.Debug|Any CPU.ActiveCfg = Debug|Any CPU
		{DCA8C740-59D1-4D66-867C-60170EBECB34}.Debug|Any CPU.Build.0 = Debug|Any CPU
		{DCA8C740-59D1-4D66-867C-60170EBECB34}.EasyTest|Any CPU.ActiveCfg = Release|Any CPU
		{DCA8C740-59D1-4D66-867C-60170EBECB34}.EasyTest|Any CPU.Build.0 = Release|Any CPU
		{DCA8C740-59D1-4D66-867C-60170EBECB34}.Release|Any CPU.ActiveCfg = Release|Any CPU
		{DCA8C740-59D1-4D66-867C-60170EBECB34}.Release|Any CPU.Build.0 = Release|Any CPU
		{0930A008-7920-42F0-92E4-89EC6CD93E92}.Debug|Any CPU.ActiveCfg = Debug|Any CPU
		{0930A008-7920-42F0-92E4-89EC6CD93E92}.Debug|Any CPU.Build.0 = Debug|Any CPU
		{0930A008-7920-42F0-92E4-89EC6CD93E92}.EasyTest|Any CPU.ActiveCfg = Debug|Any CPU
		{0930A008-7920-42F0-92E4-89EC6CD93E92}.EasyTest|Any CPU.Build.0 = Debug|Any CPU
		{0930A008-7920-42F0-92E4-89EC6CD93E92}.Release|Any CPU.ActiveCfg = Release|Any CPU
		{0930A008-7920-42F0-92E4-89EC6CD93E92}.Release|Any CPU.Build.0 = Release|Any CPU
	EndGlobalSection
	GlobalSection(SolutionProperties) = preSolution
		HideSolutionNode = FALSE
	EndGlobalSection
	GlobalSection(ExtensibilityGlobals) = postSolution
		SolutionGuid = {9A9D71E7-C801-4877-BEC0-31C129BA3DCB}
	EndGlobalSection
EndGlobal
